
Microsoft Visual Studio Solution File, Format Version 12.00
# Visual Studio Version 17
VisualStudioVersion = 17.14.36212.18 d17.14
MinimumVisualStudioVersion = 10.0.40219.1
Project("{FAE04EC0-301F-11D3-BF4B-00C04F79EFBC}") = "HerbalHub", "HerbalHub.csproj", "{6119B73F-91A2-4D77-8DC5-C065EAC04555}"
EndProject
Global
	GlobalSection(SolutionConfigurationPlatforms) = preSolution
		Debug|Any CPU = Debug|Any CPU
		Release|Any CPU = Release|Any CPU
	EndGlobalSection
	GlobalSection(ProjectConfigurationPlatforms) = postSolution
		{6119B73F-91A2-4D77-8DC5-C065EAC04555}.Debug|Any CPU.ActiveCfg = Debug|Any CPU
		{6119B73F-91A2-4D77-8DC5-C065EAC04555}.Debug|Any CPU.Build.0 = Debug|Any CPU
		{6119B73F-91A2-4D77-8DC5-C065EAC04555}.Release|Any CPU.ActiveCfg = Release|Any CPU
		{6119B73F-91A2-4D77-8DC5-C065EAC04555}.Release|Any CPU.Build.0 = Release|Any CPU
	EndGlobalSection
	GlobalSection(SolutionProperties) = preSolution
		HideSolutionNode = FALSE
	EndGlobalSection
	GlobalSection(ExtensibilityGlobals) = postSolution
		SolutionGuid = {FFC9211A-0352-462B-9A1B-9CEF4317BFA3}
	EndGlobalSection
EndGlobal
